{
  "name": "small-project-Vite.js",
  "lockfileVersion": 3,
  "requires": true,
  "packages": {
    "": {
      "dependencies": {
        "canvas-confetti": "^1.6.1"
      }
    },
    "node_modules/canvas-confetti": {
      "version": "1.6.1",
      "resolved": "https://registry.npmjs.org/canvas-confetti/-/canvas-confetti-1.6.1.tgz",
      "integrity": "sha512-CgGR5DL9+dkne4AwcpvWQc0LIQq43yDIxlwdZcyrq3yklricNfuPHoOSoM6Ya7yCQ+sXmZ2iNV2feiKjVG8C1g==",
      "funding": {
        "type": "donate",
        "url": "https://www.paypal.me/kirilvatev"
      }
    }
  }
}
